// !$*UTF8*$!
{
	archiveVersion = 1;
	classes = {
	};
	objectVersion = 46;
	objects = {

/* Begin PBXBuildFile section */
		3CFBE5151E03A37500F8D48B /* AppDelegate.swift in Sources */ = {isa = PBXBuildFile; fileRef = 3CFBE5141E03A37500F8D48B /* AppDelegate.swift */; };
		3CFBE5171E03A37500F8D48B /* ViewController.swift in Sources */ = {isa = PBXBuildFile; fileRef = 3CFBE5161E03A37500F8D48B /* ViewController.swift */; };
		3CFBE51A1E03A37500F8D48B /* Main.storyboard in Resources */ = {isa = PBXBuildFile; fileRef = 3CFBE5181E03A37500F8D48B /* Main.storyboard */; };
		3CFBE51D1E03A37500F8D48B /* Capnote.xcdatamodeld in Sources */ = {isa = PBXBuildFile; fileRef = 3CFBE51B1E03A37500F8D48B /* Capnote.xcdatamodeld */; };
		3CFBE51F1E03A37500F8D48B /* Assets.xcassets in Resources */ = {isa = PBXBuildFile; fileRef = 3CFBE51E1E03A37500F8D48B /* Assets.xcassets */; };
		3CFBE5221E03A37500F8D48B /* LaunchScreen.storyboard in Resources */ = {isa = PBXBuildFile; fileRef = 3CFBE5201E03A37500F8D48B /* LaunchScreen.storyboard */; };
		3CFBE52D1E03A37500F8D48B /* CapnoteTests.swift in Sources */ = {isa = PBXBuildFile; fileRef = 3CFBE52C1E03A37500F8D48B /* CapnoteTests.swift */; };
		3CFBE5381E03A37600F8D48B /* CapnoteUITests.swift in Sources */ = {isa = PBXBuildFile; fileRef = 3CFBE5371E03A37600F8D48B /* CapnoteUITests.swift */; };
/* End PBXBuildFile section */

/* Begin PBXContainerItemProxy section */
		3CFBE5291E03A37500F8D48B /* PBXContainerItemProxy */ = {
			isa = PBXContainerItemProxy;
			containerPortal = 3CFBE5091E03A37500F8D48B /* Project object */;
			proxyType = 1;
			remoteGlobalIDString = 3CFBE5101E03A37500F8D48B;
			remoteInfo = Capnote;
		};
		3CFBE5341E03A37600F8D48B /* PBXContainerItemProxy */ = {
			isa = PBXContainerItemProxy;
			containerPortal = 3CFBE5091E03A37500F8D48B /* Project object */;
			proxyType = 1;
			remoteGlobalIDString = 3CFBE5101E03A37500F8D48B;
			remoteInfo = Capnote;
		};
/* End PBXContainerItemProxy section */

/* Begin PBXFileReference section */
		3CFBE5111E03A37500F8D48B /* Capnote.app */ = {isa = PBXFileReference; explicitFileType = wrapper.application; includeInIndex = 0; path = Capnote.app; sourceTree = BUILT_PRODUCTS_DIR; };
		3CFBE5141E03A37500F8D48B /* AppDelegate.swift */ = {isa = PBXFileReference; lastKnownFileType = sourcecode.swift; path = AppDelegate.swift; sourceTree = "<group>"; };
		3CFBE5161E03A37500F8D48B /* ViewController.swift */ = {isa = PBXFileReference; lastKnownFileType = sourcecode.swift; path = ViewController.swift; sourceTree = "<group>"; };
		3CFBE5191E03A37500F8D48B /* Base */ = {isa = PBXFileReference; lastKnownFileType = file.storyboard; name = Base; path = Base.lproj/Main.storyboard; sourceTree = "<group>"; };
		3CFBE51C1E03A37500F8D48B /* Capnote.xcdatamodel */ = {isa = PBXFileReference; lastKnownFileType = wrapper.xcdatamodel; path = Capnote.xcdatamodel; sourceTree = "<group>"; };
		3CFBE51E1E03A37500F8D48B /* Assets.xcassets */ = {isa = PBXFileReference; lastKnownFileType = folder.assetcatalog; path = Assets.xcassets; sourceTree = "<group>"; };
		3CFBE5211E03A37500F8D48B /* Base */ = {isa = PBXFileReference; lastKnownFileType = file.storyboard; name = Base; path = Base.lproj/LaunchScreen.storyboard; sourceTree = "<group>"; };
		3CFBE5231E03A37500F8D48B /* Info.plist */ = {isa = PBXFileReference; lastKnownFileType = text.plist.xml; path = Info.plist; sourceTree = "<group>"; };
		3CFBE5281E03A37500F8D48B /* CapnoteTests.xctest */ = {isa = PBXFileReference; explicitFileType = wrapper.cfbundle; includeInIndex = 0; path = CapnoteTests.xctest; sourceTree = BUILT_PRODUCTS_DIR; };
		3CFBE52C1E03A37500F8D48B /* CapnoteTests.swift */ = {isa = PBXFileReference; lastKnownFileType = sourcecode.swift; path = CapnoteTests.swift; sourceTree = "<group>"; };
		3CFBE52E1E03A37500F8D48B /* Info.plist */ = {isa = PBXFileReference; lastKnownFileType = text.plist.xml; path = Info.plist; sourceTree = "<group>"; };
		3CFBE5331E03A37600F8D48B /* CapnoteUITests.xctest */ = {isa = PBXFileReference; explicitFileType = wrapper.cfbundle; includeInIndex = 0; path = CapnoteUITests.xctest; sourceTree = BUILT_PRODUCTS_DIR; };
		3CFBE5371E03A37600F8D48B /* CapnoteUITests.swift */ = {isa = PBXFileReference; lastKnownFileType = sourcecode.swift; path = CapnoteUITests.swift; sourceTree = "<group>"; };
		3CFBE5391E03A37600F8D48B /* Info.plist */ = {isa = PBXFileReference; lastKnownFileType = text.plist.xml; path = Info.plist; sourceTree = "<group>"; };
/* End PBXFileReference section */

/* Begin PBXFrameworksBuildPhase section */
		3CFBE50E1E03A37500F8D48B /* Frameworks */ = {
			isa = PBXFrameworksBuildPhase;
			buildActionMask = 2147483647;
			files = (
			);
			runOnlyForDeploymentPostprocessing = 0;
		};
		3CFBE5251E03A37500F8D48B /* Frameworks */ = {
			isa = PBXFrameworksBuildPhase;
			buildActionMask = 2147483647;
			files = (
			);
			runOnlyForDeploymentPostprocessing = 0;
		};
		3CFBE5301E03A37600F8D48B /* Frameworks */ = {
			isa = PBXFrameworksBuildPhase;
			buildActionMask = 2147483647;
			files = (
			);
			runOnlyForDeploymentPostprocessing = 0;
		};
/* End PBXFrameworksBuildPhase section */

/* Begin PBXGroup section */
		3CFBE5081E03A37500F8D48B = {
			isa = PBXGroup;
			children = (
				3CFBE5131E03A37500F8D48B /* Capnote */,
				3CFBE52B1E03A37500F8D48B /* CapnoteTests */,
				3CFBE5361E03A37600F8D48B /* CapnoteUITests */,
				3CFBE5121E03A37500F8D48B /* Products */,
			);
			sourceTree = "<group>";
		};
		3CFBE5121E03A37500F8D48B /* Products */ = {
			isa = PBXGroup;
			children = (
				3CFBE5111E03A37500F8D48B /* Capnote.app */,
				3CFBE5281E03A37500F8D48B /* CapnoteTests.xctest */,
				3CFBE5331E03A37600F8D48B /* CapnoteUITests.xctest */,
			);
			name = Products;
			sourceTree = "<group>";
		};
		3CFBE5131E03A37500F8D48B /* Capnote */ = {
			isa = PBXGroup;
			children = (
				3CFBE5141E03A37500F8D48B /* AppDelegate.swift */,
				3CFBE5161E03A37500F8D48B /* ViewController.swift */,
				3CFBE5181E03A37500F8D48B /* Main.storyboard */,
				3CFBE51E1E03A37500F8D48B /* Assets.xcassets */,
				3CFBE5201E03A37500F8D48B /* LaunchScreen.storyboard */,
				3CFBE5231E03A37500F8D48B /* Info.plist */,
				3CFBE51B1E03A37500F8D48B /* Capnote.xcdatamodeld */,
			);
			path = Capnote;
			sourceTree = "<group>";
		};
		3CFBE52B1E03A37500F8D48B /* CapnoteTests */ = {
			isa = PBXGroup;
			children = (
				3CFBE52C1E03A37500F8D48B /* CapnoteTests.swift */,
				3CFBE52E1E03A37500F8D48B /* Info.plist */,
			);
			path = CapnoteTests;
			sourceTree = "<group>";
		};
		3CFBE5361E03A37600F8D48B /* CapnoteUITests */ = {
			isa = PBXGroup;
			children = (
				3CFBE5371E03A37600F8D48B /* CapnoteUITests.swift */,
				3CFBE5391E03A37600F8D48B /* Info.plist */,
			);
			path = CapnoteUITests;
			sourceTree = "<group>";
		};
/* End PBXGroup section */

/* Begin PBXNativeTarget section */
		3CFBE5101E03A37500F8D48B /* Capnote */ = {
			isa = PBXNativeTarget;
			buildConfigurationList = 3CFBE53C1E03A37600F8D48B /* Build configuration list for PBXNativeTarget "Capnote" */;
			buildPhases = (
				3CFBE50D1E03A37500F8D48B /* Sources */,
				3CFBE50E1E03A37500F8D48B /* Frameworks */,
				3CFBE50F1E03A37500F8D48B /* Resources */,
			);
			buildRules = (
			);
			dependencies = (
			);
			name = Capnote;
			productName = Capnote;
			productReference = 3CFBE5111E03A37500F8D48B /* Capnote.app */;
			productType = "com.apple.product-type.application";
		};
		3CFBE5271E03A37500F8D48B /* CapnoteTests */ = {
			isa = PBXNativeTarget;
			buildConfigurationList = 3CFBE53F1E03A37600F8D48B /* Build configuration list for PBXNativeTarget "CapnoteTests" */;
			buildPhases = (
				3CFBE5241E03A37500F8D48B /* Sources */,
				3CFBE5251E03A37500F8D48B /* Frameworks */,
				3CFBE5261E03A37500F8D48B /* Resources */,
			);
			buildRules = (
			);
			dependencies = (
				3CFBE52A1E03A37500F8D48B /* PBXTargetDependency */,
			);
			name = CapnoteTests;
			productName = CapnoteTests;
			productReference = 3CFBE5281E03A37500F8D48B /* CapnoteTests.xctest */;
			productType = "com.apple.product-type.bundle.unit-test";
		};
		3CFBE5321E03A37600F8D48B /* CapnoteUITests */ = {
			isa = PBXNativeTarget;
			buildConfigurationList = 3CFBE5421E03A37600F8D48B /* Build configuration list for PBXNativeTarget "CapnoteUITests" */;
			buildPhases = (
				3CFBE52F1E03A37600F8D48B /* Sources */,
				3CFBE5301E03A37600F8D48B /* Frameworks */,
				3CFBE5311E03A37600F8D48B /* Resources */,
			);
			buildRules = (
			);
			dependencies = (
				3CFBE5351E03A37600F8D48B /* PBXTargetDependency */,
			);
			name = CapnoteUITests;
			productName = CapnoteUITests;
			productReference = 3CFBE5331E03A37600F8D48B /* CapnoteUITests.xctest */;
			productType = "com.apple.product-type.bundle.ui-testing";
		};
/* End PBXNativeTarget section */

/* Begin PBXProject section */
		3CFBE5091E03A37500F8D48B /* Project object */ = {
			isa = PBXProject;
			attributes = {
				LastSwiftUpdateCheck = 0810;
				LastUpgradeCheck = 0810;
				ORGANIZATIONNAME = "Daler Asrorov";
				TargetAttributes = {
					3CFBE5101E03A37500F8D48B = {
						CreatedOnToolsVersion = 8.1;
						DevelopmentTeam = 8M69JLFD46;
						ProvisioningStyle = Automatic;
					};
					3CFBE5271E03A37500F8D48B = {
						CreatedOnToolsVersion = 8.1;
						ProvisioningStyle = Automatic;
						TestTargetID = 3CFBE5101E03A37500F8D48B;
					};
					3CFBE5321E03A37600F8D48B = {
						CreatedOnToolsVersion = 8.1;
						ProvisioningStyle = Automatic;
						TestTargetID = 3CFBE5101E03A37500F8D48B;
					};
				};
			};
			buildConfigurationList = 3CFBE50C1E03A37500F8D48B /* Build configuration list for PBXProject "Capnote" */;
			compatibilityVersion = "Xcode 3.2";
			developmentRegion = English;
			hasScannedForEncodings = 0;
			knownRegions = (
				en,
				Base,
			);
			mainGroup = 3CFBE5081E03A37500F8D48B;
			productRefGroup = 3CFBE5121E03A37500F8D48B /* Products */;
			projectDirPath = "";
			projectRoot = "";
			targets = (
				3CFBE5101E03A37500F8D48B /* Capnote */,
				3CFBE5271E03A37500F8D48B /* CapnoteTests */,
				3CFBE5321E03A37600F8D48B /* CapnoteUITests */,
			);
		};
/* End PBXProject section */

/* Begin PBXResourcesBuildPhase section */
		3CFBE50F1E03A37500F8D48B /* Resources */ = {
			isa = PBXResourcesBuildPhase;
			buildActionMask = 2147483647;
			files = (
				3CFBE5221E03A37500F8D48B /* LaunchScreen.storyboard in Resources */,
				3CFBE51F1E03A37500F8D48B /* Assets.xcassets in Resources */,
				3CFBE51A1E03A37500F8D48B /* Main.storyboard in Resources */,
			);
			runOnlyForDeploymentPostprocessing = 0;
		};
		3CFBE5261E03A37500F8D48B /* Resources */ = {
			isa = PBXResourcesBuildPhase;
			buildActionMask = 2147483647;
			files = (
			);
			runOnlyForDeploymentPostprocessing = 0;
		};
		3CFBE5311E03A37600F8D48B /* Resources */ = {
			isa = PBXResourcesBuildPhase;
			buildActionMask = 2147483647;
			files = (
			);
			runOnlyForDeploymentPostprocessing = 0;
		};
/* End PBXResourcesBuildPhase section */

/* Begin PBXSourcesBuildPhase section */
		3CFBE50D1E03A37500F8D48B /* Sources */ = {
			isa = PBXSourcesBuildPhase;
			buildActionMask = 2147483647;
			files = (
				3CFBE5171E03A37500F8D48B /* ViewController.swift in Sources */,
				3CFBE51D1E03A37500F8D48B /* Capnote.xcdatamodeld in Sources */,
				3CFBE5151E03A37500F8D48B /* AppDelegate.swift in Sources */,
			);
			runOnlyForDeploymentPostprocessing = 0;
		};
		3CFBE5241E03A37500F8D48B /* Sources */ = {
			isa = PBXSourcesBuildPhase;
			buildActionMask = 2147483647;
			files = (
				3CFBE52D1E03A37500F8D48B /* CapnoteTests.swift in Sources */,
			);
			runOnlyForDeploymentPostprocessing = 0;
		};
		3CFBE52F1E03A37600F8D48B /* Sources */ = {
			isa = PBXSourcesBuildPhase;
			buildActionMask = 2147483647;
			files = (
				3CFBE5381E03A37600F8D48B /* CapnoteUITests.swift in Sources */,
			);
			runOnlyForDeploymentPostprocessing = 0;
		};
/* End PBXSourcesBuildPhase section */

/* Begin PBXTargetDependency section */
		3CFBE52A1E03A37500F8D48B /* PBXTargetDependency */ = {
			isa = PBXTargetDependency;
			target = 3CFBE5101E03A37500F8D48B /* Capnote */;
			targetProxy = 3CFBE5291E03A37500F8D48B /* PBXContainerItemProxy */;
		};
		3CFBE5351E03A37600F8D48B /* PBXTargetDependency */ = {
			isa = PBXTargetDependency;
			target = 3CFBE5101E03A37500F8D48B /* Capnote */;
			targetProxy = 3CFBE5341E03A37600F8D48B /* PBXContainerItemProxy */;
		};
/* End PBXTargetDependency section */

/* Begin PBXVariantGroup section */
		3CFBE5181E03A37500F8D48B /* Main.storyboard */ = {
			isa = PBXVariantGroup;
			children = (
				3CFBE5191E03A37500F8D48B /* Base */,
			);
			name = Main.storyboard;
			sourceTree = "<group>";
		};
		3CFBE5201E03A37500F8D48B /* LaunchScreen.storyboard */ = {
			isa = PBXVariantGroup;
			children = (
				3CFBE5211E03A37500F8D48B /* Base */,
			);
			name = LaunchScreen.storyboard;
			sourceTree = "<group>";
		};
/* End PBXVariantGroup section */

/* Begin XCBuildConfiguration section */
		3CFBE53A1E03A37600F8D48B /* Debug */ = {
			isa = XCBuildConfiguration;
			buildSettings = {
				ALWAYS_SEARCH_USER_PATHS = NO;
				CLANG_ANALYZER_NONNULL = YES;
				CLANG_CXX_LANGUAGE_STANDARD = "gnu++0x";
				CLANG_CXX_LIBRARY = "libc++";
				CLANG_ENABLE_MODULES = YES;
				CLANG_ENABLE_OBJC_ARC = YES;
				CLANG_WARN_BOOL_CONVERSION = YES;
				CLANG_WARN_CONSTANT_CONVERSION = YES;
				CLANG_WARN_DIRECT_OBJC_ISA_USAGE = YES_ERROR;
				CLANG_WARN_DOCUMENTATION_COMMENTS = YES;
				CLANG_WARN_EMPTY_BODY = YES;
				CLANG_WARN_ENUM_CONVERSION = YES;
				CLANG_WARN_INFINITE_RECURSION = YES;
				CLANG_WARN_INT_CONVERSION = YES;
				CLANG_WARN_OBJC_ROOT_CLASS = YES_ERROR;
				CLANG_WARN_SUSPICIOUS_MOVES = YES;
				CLANG_WARN_UNREACHABLE_CODE = YES;
				CLANG_WARN__DUPLICATE_METHOD_MATCH = YES;
				"CODE_SIGN_IDENTITY[sdk=iphoneos*]" = "iPhone Developer";
				COPY_PHASE_STRIP = NO;
				DEBUG_INFORMATION_FORMAT = dwarf;
				ENABLE_STRICT_OBJC_MSGSEND = YES;
				ENABLE_TESTABILITY = YES;
				GCC_C_LANGUAGE_STANDARD = gnu99;
				GCC_DYNAMIC_NO_PIC = NO;
				GCC_NO_COMMON_BLOCKS = YES;
				GCC_OPTIMIZATION_LEVEL = 0;
				GCC_PREPROCESSOR_DEFINITIONS = (
					"DEBUG=1",
					"$(inherited)",
				);
				GCC_WARN_64_TO_32_BIT_CONVERSION = YES;
				GCC_WARN_ABOUT_RETURN_TYPE = YES_ERROR;
				GCC_WARN_UNDECLARED_SELECTOR = YES;
				GCC_WARN_UNINITIALIZED_AUTOS = YES_AGGRESSIVE;
				GCC_WARN_UNUSED_FUNCTION = YES;
				GCC_WARN_UNUSED_VARIABLE = YES;
				IPHONEOS_DEPLOYMENT_TARGET = 10.1;
				MTL_ENABLE_DEBUG_INFO = YES;
				ONLY_ACTIVE_ARCH = YES;
				SDKROOT = iphoneos;
				SWIFT_ACTIVE_COMPILATION_CONDITIONS = DEBUG;
				SWIFT_OPTIMIZATION_LEVEL = "-Onone";
			};
			name = Debug;
		};
		3CFBE53B1E03A37600F8D48B /* Release */ = {
			isa = XCBuildConfiguration;
			buildSettings = {
				ALWAYS_SEARCH_USER_PATHS = NO;
				CLANG_ANALYZER_NONNULL = YES;
				CLANG_CXX_LANGUAGE_STANDARD = "gnu++0x";
				CLANG_CXX_LIBRARY = "libc++";
				CLANG_ENABLE_MODULES = YES;
				CLANG_ENABLE_OBJC_ARC = YES;
				CLANG_WARN_BOOL_CONVERSION = YES;
				CLANG_WARN_CONSTANT_CONVERSION = YES;
				CLANG_WARN_DIRECT_OBJC_ISA_USAGE = YES_ERROR;
				CLANG_WARN_DOCUMENTATION_COMMENTS = YES;
				CLANG_WARN_EMPTY_BODY = YES;
				CLANG_WARN_ENUM_CONVERSION = YES;
				CLANG_WARN_INFINITE_RECURSION = YES;
				CLANG_WARN_INT_CONVERSION = YES;
				CLANG_WARN_OBJC_ROOT_CLASS = YES_ERROR;
				CLANG_WARN_SUSPICIOUS_MOVES = YES;
				CLANG_WARN_UNREACHABLE_CODE = YES;
				CLANG_WARN__DUPLICATE_METHOD_MATCH = YES;
				"CODE_SIGN_IDENTITY[sdk=iphoneos*]" = "iPhone Developer";
				COPY_PHASE_STRIP = NO;
				DEBUG_INFORMATION_FORMAT = "dwarf-with-dsym";
				ENABLE_NS_ASSERTIONS = NO;
				ENABLE_STRICT_OBJC_MSGSEND = YES;
				GCC_C_LANGUAGE_STANDARD = gnu99;
				GCC_NO_COMMON_BLOCKS = YES;
				GCC_WARN_64_TO_32_BIT_CONVERSION = YES;
				GCC_WARN_ABOUT_RETURN_TYPE = YES_ERROR;
				GCC_WARN_UNDECLARED_SELECTOR = YES;
				GCC_WARN_UNINITIALIZED_AUTOS = YES_AGGRESSIVE;
				GCC_WARN_UNUSED_FUNCTION = YES;
				GCC_WARN_UNUSED_VARIABLE = YES;
				IPHONEOS_DEPLOYMENT_TARGET = 10.1;
				MTL_ENABLE_DEBUG_INFO = NO;
				SDKROOT = iphoneos;
				SWIFT_OPTIMIZATION_LEVEL = "-Owholemodule";
				VALIDATE_PRODUCT = YES;
			};
			name = Release;
		};
		3CFBE53D1E03A37600F8D48B /* Debug */ = {
			isa = XCBuildConfiguration;
			buildSettings = {
				ASSETCATALOG_COMPILER_APPICON_NAME = AppIcon;
				DEVELOPMENT_TEAM = 8M69JLFD46;
				INFOPLIST_FILE = Capnote/Info.plist;
				LD_RUNPATH_SEARCH_PATHS = "$(inherited) @executable_path/Frameworks";
				PRODUCT_BUNDLE_IDENTIFIER = com.daler.Capnote;
				PRODUCT_NAME = "$(TARGET_NAME)";
				SWIFT_VERSION = 3.0;
			};
			name = Debug;
		};
		3CFBE53E1E03A37600F8D48B /* Release */ = {
			isa = XCBuildConfiguration;
			buildSettings = {
				ASSETCATALOG_COMPILER_APPICON_NAME = AppIcon;
				DEVELOPMENT_TEAM = 8M69JLFD46;
				INFOPLIST_FILE = Capnote/Info.plist;
				LD_RUNPATH_SEARCH_PATHS = "$(inherited) @executable_path/Frameworks";
				PRODUCT_BUNDLE_IDENTIFIER = com.daler.Capnote;
				PRODUCT_NAME = "$(TARGET_NAME)";
				SWIFT_VERSION = 3.0;
			};
			name = Release;
		};
		3CFBE5401E03A37600F8D48B /* Debug */ = {
			isa = XCBuildConfiguration;
			buildSettings = {
				ALWAYS_EMBED_SWIFT_STANDARD_LIBRARIES = YES;
				BUNDLE_LOADER = "$(TEST_HOST)";
				INFOPLIST_FILE = CapnoteTests/Info.plist;
				LD_RUNPATH_SEARCH_PATHS = "$(inherited) @executable_path/Frameworks @loader_path/Frameworks";
				PRODUCT_BUNDLE_IDENTIFIER = com.daler.CapnoteTests;
				PRODUCT_NAME = "$(TARGET_NAME)";
				SWIFT_VERSION = 3.0;
				TEST_HOST = "$(BUILT_PRODUCTS_DIR)/Capnote.app/Capnote";
			};
			name = Debug;
		};
		3CFBE5411E03A37600F8D48B /* Release */ = {
			isa = XCBuildConfiguration;
			buildSettings = {
				ALWAYS_EMBED_SWIFT_STANDARD_LIBRARIES = YES;
				BUNDLE_LOADER = "$(TEST_HOST)";
				INFOPLIST_FILE = CapnoteTests/Info.plist;
				LD_RUNPATH_SEARCH_PATHS = "$(inherited) @executable_path/Frameworks @loader_path/Frameworks";
				PRODUCT_BUNDLE_IDENTIFIER = com.daler.CapnoteTests;
				PRODUCT_NAME = "$(TARGET_NAME)";
				SWIFT_VERSION = 3.0;
				TEST_HOST = "$(BUILT_PRODUCTS_DIR)/Capnote.app/Capnote";
			};
			name = Release;
		};
		3CFBE5431E03A37600F8D48B /* Debug */ = {
			isa = XCBuildConfiguration;
			buildSettings = {
				ALWAYS_EMBED_SWIFT_STANDARD_LIBRARIES = YES;
				INFOPLIST_FILE = CapnoteUITests/Info.plist;
				LD_RUNPATH_SEARCH_PATHS = "$(inherited) @executable_path/Frameworks @loader_path/Frameworks";
				PRODUCT_BUNDLE_IDENTIFIER = com.daler.CapnoteUITests;
				PRODUCT_NAME = "$(TARGET_NAME)";
				SWIFT_VERSION = 3.0;
				TEST_TARGET_NAME = Capnote;
			};
			name = Debug;
		};
		3CFBE5441E03A37600F8D48B /* Release */ = {
			isa = XCBuildConfiguration;
			buildSettings = {
				ALWAYS_EMBED_SWIFT_STANDARD_LIBRARIES = YES;
				INFOPLIST_FILE = CapnoteUITests/Info.plist;
				LD_RUNPATH_SEARCH_PATHS = "$(inherited) @executable_path/Frameworks @loader_path/Frameworks";
				PRODUCT_BUNDLE_IDENTIFIER = com.daler.CapnoteUITests;
				PRODUCT_NAME = "$(TARGET_NAME)";
				SWIFT_VERSION = 3.0;
				TEST_TARGET_NAME = Capnote;
			};
			name = Release;
		};
/* End XCBuildConfiguration section */

/* Begin XCConfigurationList section */
		3CFBE50C1E03A37500F8D48B /* Build configuration list for PBXProject "Capnote" */ = {
			isa = XCConfigurationList;
			buildConfigurations = (
				3CFBE53A1E03A37600F8D48B /* Debug */,
				3CFBE53B1E03A37600F8D48B /* Release */,
			);
			defaultConfigurationIsVisible = 0;
			defaultConfigurationName = Release;
		};
		3CFBE53C1E03A37600F8D48B /* Build configuration list for PBXNativeTarget "Capnote" */ = {
			isa = XCConfigurationList;
			buildConfigurations = (
				3CFBE53D1E03A37600F8D48B /* Debug */,
				3CFBE53E1E03A37600F8D48B /* Release */,
			);
			defaultConfigurationIsVisible = 0;
		};
		3CFBE53F1E03A37600F8D48B /* Build configuration list for PBXNativeTarget "CapnoteTests" */ = {
			isa = XCConfigurationList;
			buildConfigurations = (
				3CFBE5401E03A37600F8D48B /* Debug */,
				3CFBE5411E03A37600F8D48B /* Release */,
			);
			defaultConfigurationIsVisible = 0;
		};
		3CFBE5421E03A37600F8D48B /* Build configuration list for PBXNativeTarget "CapnoteUITests" */ = {
			isa = XCConfigurationList;
			buildConfigurations = (
				3CFBE5431E03A37600F8D48B /* Debug */,
				3CFBE5441E03A37600F8D48B /* Release */,
			);
			defaultConfigurationIsVisible = 0;
		};
/* End XCConfigurationList section */

/* Begin XCVersionGroup section */
		3CFBE51B1E03A37500F8D48B /* Capnote.xcdatamodeld */ = {
			isa = XCVersionGroup;
			children = (
				3CFBE51C1E03A37500F8D48B /* Capnote.xcdatamodel */,
			);
			currentVersion = 3CFBE51C1E03A37500F8D48B /* Capnote.xcdatamodel */;
			path = Capnote.xcdatamodeld;
			sourceTree = "<group>";
			versionGroupType = wrapper.xcdatamodel;
		};
/* End XCVersionGroup section */
	};
	rootObject = 3CFBE5091E03A37500F8D48B /* Project object */;
}
